<Solution>
  <Project Path="MultipleChoiceBL/MultipleChoiceBL.csproj" />
  <Project Path="MultipleChoiceDL/MultipleChoiceDL.csproj" />
  <Project Path="MultipleChoiceGUI/MultipleChoiceGUI.csproj" />
  <Project Path="MultipleChoiceTest/MultipleChoiceTest.csproj" Id="984f316e-b07a-4770-8fbb-8d25368ffc44" />
</Solution>
